{
    "version": 3,
    "terraform_version": "0.11.10",
    "serial": 3,
    "lineage": "3d1ecd95-dd0d-c438-f3bb-a2066084db22",
    "modules": [
        {
            "path": [
                "root"
            ],
            "outputs": {},
            "resources": {
                "digitalocean_droplet.web": {
                    "type": "digitalocean_droplet",
                    "depends_on": [],
                    "primary": {
                        "id": "120312119",
                        "attributes": {
                            "backups": "false",
                            "disk": "25",
                            "id": "120312119",
                            "image": "39342610",
                            "ipv4_address": "159.89.28.58",
                            "ipv4_address_private": "",
                            "ipv6": "false",
                            "ipv6_address": "",
                            "ipv6_address_private": "",
                            "locked": "false",
                            "memory": "1024",
                            "monitoring": "false",
                            "name": "ubuntu-18.10",
                            "price_hourly": "0.00744",
                            "price_monthly": "5",
                            "private_networking": "false",
                            "region": "fra1",
                            "resize_disk": "true",
                            "size": "s-1vcpu-1gb",
                            "ssh_keys.#": "3",
                            "ssh_keys.4107275944": "23597109",
                            "ssh_keys.716533040": "20980721",
                            "ssh_keys.828178541": "20943250",
                            "status": "active",
                            "tags.#": "0",
                            "vcpus": "1",
                            "volume_ids.#": "0"
                        },
                        "meta": {
                            "schema_version": "1"
                        },
                        "tainted": false
                    },
                    "deposed": [],
                    "provider": "provider.digitalocean"
                }
            },
            "depends_on": []
        }
    ]
}
