{
  "version": 4,
  "terraform_version": "0.12.25",
  "serial": 30,
  "lineage": "3d1ecd95-dd0d-c438-f3bb-a2066084db22",
  "outputs": {},
  "resources": [
    {
      "mode": "managed",
      "type": "digitalocean_domain",
      "name": "default",
      "provider": "provider.digitalocean",
      "instances": [
        {
          "schema_version": 0,
          "attributes": {
            "id": "maxwittig.xyz",
            "ip_address": "46.101.144.28",
            "name": "maxwittig.xyz",
            "urn": "do:domain:maxwittig.xyz"
          },
          "dependencies": [
            "digitalocean_droplet.web"
          ]
        }
      ]
    },
    {
      "mode": "managed",
      "type": "digitalocean_droplet",
      "name": "web",
      "provider": "provider.digitalocean",
      "instances": [
        {
          "schema_version": 1,
          "attributes": {
            "backups": false,
            "created_at": "2018-12-15T21:30:40Z",
            "disk": 25,
            "id": "123944751",
            "image": "39342610",
            "ipv4_address": "46.101.144.28",
            "ipv4_address_private": "",
            "ipv6": true,
            "ipv6_address": "2a03:b0c0:3:d0::1a:7001",
            "ipv6_address_private": "",
            "locked": false,
            "memory": 1024,
            "monitoring": false,
            "name": "ubuntu-20-03",
            "price_hourly": 0.00744,
            "price_monthly": 5,
            "private_networking": false,
            "region": "fra1",
            "resize_disk": true,
            "size": "s-1vcpu-1gb",
            "ssh_keys": [
              "ssh-ed25519 AAAAC3NzaC1lZDI1NTE5AAAAIA2CKKDh0O/IdfX2t4inVP8ICP8MRso/QvcnH44epiXT max.wittig@siemens.com",
              "ssh-ed25519 AAAAC3NzaC1lZDI1NTE5AAAAIAgpTo8rcFUhuKjFnGh/6FdI9Ftz4YXzZZA7kBbogDAj max@WindowsBash",
              "ssh-ed25519 AAAAC3NzaC1lZDI1NTE5AAAAIEFT/07CNt2AHfnWRq8DYoLTWV6AIZZmmouczoXsnaWb max@Martins-MacBook-Air.local",
              "ssh-ed25519 AAAAC3NzaC1lZDI1NTE5AAAAIKUSMgFYAwmeBRTPBF34ZEqIGKCjKg8QNEmWD7J3wBBH max@max.fedora",
              "ssh-ed25519 AAAAC3NzaC1lZDI1NTE5AAAAIO2SchimHc59vUJ84RYlS9eMQZCnhARemfU0/iSsS4Hf max@fedora",
              "ssh-rsa AAAAB3NzaC1yc2EAAAADAQABAAACAQC+n+8JkEVWYwIwKgAvSxTCsUJ18/UD9O/o+O7sFdy1coFfyfjT9Xck/mPVWGRPGzulIfmvSnLRX5XLNzkDxGI2D8An7lDSoa0c3LueFN2eMeJbumkSuOOGl7fwnyhW6XOUO8ECZRoUWIsDs8wXrjTIDMy8s7EuOonZvlFYu0GgDQZj5F/V2ykrsjnGr1kxSn7PWt69qByOOhCT33OulsV00HQY1x1KKqTppEKl0V0iHRXHxIrzdisuRqim3W5W1W81NP1t0nLfHo4Ie4Puhmm4ImR9glXnDfeR9J+7gt5v+bj4RMmF2X5Tcd73PN3DMOcWAi9Js6Sq/OpM1FYvXJLynmSVlxTlZjhDXHI2UEM3p2KH86tdtjhmkDfGlXcp6Y4sgJ34Ou4YBOTApJMVEb1Ai5kTL3S8kN2n2TSyIWbWfmA8lOMwh/mTMcRxJIL3703ocA35lVT3fXLlAxBIp39TvGx8aSgg/NIe5FW8+LgpHirwMLxsvr2T8ecib/A/Db45SIrepjQyvs5U0KXeNwwVTOw2nJaPM6gGEtB5WjoDMy3dq0N7ryn7E2v6K6gmc/JeEPWx4D6yFW01oKgoNxRZmer/wXjDbFadsWIlUFzxQNUzdr/ybFONLpjGB/G5sjglnPFx2R/k0obov/QxaTFEN+Vgn5/jOoCI4lq8T3/bHw== JuiceSSH"
            ],
            "status": "active",
            "tags": [],
            "urn": "do:droplet:123944751",
            "user_data": null,
            "vcpus": 1,
            "volume_ids": [],
            "vpc_uuid": ""
          },
          "private": "eyJzY2hlbWFfdmVyc2lvbiI6IjEifQ=="
        }
      ]
    },
    {
      "mode": "managed",
      "type": "digitalocean_record",
      "name": "A",
      "provider": "provider.digitalocean",
      "instances": [
        {
          "schema_version": 0,
          "attributes": {
            "domain": "maxwittig.xyz",
            "flags": 0,
            "fqdn": "@.maxwittig.xyz",
            "id": "83044696",
            "name": "@",
            "port": 0,
            "priority": 0,
            "tag": "",
            "ttl": 1800,
            "type": "A",
            "value": "46.101.144.28",
            "weight": 0
          },
          "private": "bnVsbA==",
          "dependencies": [
            "digitalocean_domain.default",
            "digitalocean_droplet.web"
          ]
        }
      ]
    },
    {
      "mode": "managed",
      "type": "digitalocean_record",
      "name": "AAAA",
      "provider": "provider.digitalocean",
      "instances": [
        {
          "schema_version": 0,
          "attributes": {
            "domain": "maxwittig.xyz",
            "flags": 0,
            "fqdn": "@.maxwittig.xyz",
            "id": "99963694",
            "name": "@",
            "port": 0,
            "priority": 0,
            "tag": "",
            "ttl": 1800,
            "type": "AAAA",
            "value": "2a03:b0c0:3:d0::1a:7001",
            "weight": 0
          },
          "private": "bnVsbA==",
          "dependencies": [
            "digitalocean_domain.default",
            "digitalocean_droplet.web"
          ]
        }
      ]
    },
    {
      "mode": "managed",
      "type": "digitalocean_record",
      "name": "do1",
      "provider": "provider.digitalocean",
      "instances": [
        {
          "schema_version": 0,
          "attributes": {
            "domain": "maxwittig.xyz",
            "flags": 0,
            "fqdn": "@.maxwittig.xyz",
            "id": "83044595",
            "name": "@",
            "port": 0,
            "priority": 0,
            "tag": "",
            "ttl": 1800,
            "type": "NS",
            "value": "ns1.digitalocean.com.",
            "weight": 0
          },
          "private": "bnVsbA==",
          "dependencies": [
            "digitalocean_domain.default",
            "digitalocean_droplet.web"
          ]
        }
      ]
    },
    {
      "mode": "managed",
      "type": "digitalocean_record",
      "name": "do2",
      "provider": "provider.digitalocean",
      "instances": [
        {
          "schema_version": 0,
          "attributes": {
            "domain": "maxwittig.xyz",
            "flags": 0,
            "fqdn": "@.maxwittig.xyz",
            "id": "83044596",
            "name": "@",
            "port": 0,
            "priority": 0,
            "tag": "",
            "ttl": 1800,
            "type": "NS",
            "value": "ns2.digitalocean.com.",
            "weight": 0
          },
          "private": "bnVsbA==",
          "dependencies": [
            "digitalocean_domain.default",
            "digitalocean_droplet.web"
          ]
        }
      ]
    },
    {
      "mode": "managed",
      "type": "digitalocean_record",
      "name": "do3",
      "provider": "provider.digitalocean",
      "instances": [
        {
          "schema_version": 0,
          "attributes": {
            "domain": "maxwittig.xyz",
            "flags": 0,
            "fqdn": "@.maxwittig.xyz",
            "id": "83044597",
            "name": "@",
            "port": 0,
            "priority": 0,
            "tag": "",
            "ttl": 1800,
            "type": "NS",
            "value": "ns3.digitalocean.com.",
            "weight": 0
          },
          "private": "bnVsbA==",
          "dependencies": [
            "digitalocean_domain.default",
            "digitalocean_droplet.web"
          ]
        }
      ]
    },
    {
      "mode": "managed",
      "type": "digitalocean_ssh_key",
      "name": "default",
      "each": "list",
      "provider": "provider.digitalocean",
      "instances": [
        {
          "index_key": 0,
          "schema_version": 0,
          "attributes": {
            "fingerprint": "af:23:0d:e4:ce:1a:cc:ad:dd:1e:43:d8:5f:30:b0:69",
            "id": "25810267",
            "name": "max@WindowsBash",
            "public_key": "ssh-ed25519 AAAAC3NzaC1lZDI1NTE5AAAAIAgpTo8rcFUhuKjFnGh/6FdI9Ftz4YXzZZA7kBbogDAj max@WindowsBash"
          },
          "private": "bnVsbA=="
        },
        {
          "index_key": 1,
          "schema_version": 0,
          "attributes": {
            "fingerprint": "91:27:d2:94:d2:11:7a:35:d7:ae:36:9a:0e:60:31:ba",
            "id": "25810268",
            "name": "max@fedora",
            "public_key": "ssh-ed25519 AAAAC3NzaC1lZDI1NTE5AAAAIO2SchimHc59vUJ84RYlS9eMQZCnhARemfU0/iSsS4Hf max@fedora"
          },
          "private": "bnVsbA=="
        },
        {
          "index_key": 2,
          "schema_version": 0,
          "attributes": {
            "fingerprint": "15:8d:22:42:b4:f9:cd:e8:bf:6d:e8:fa:52:fc:1c:e7",
            "id": "25810271",
            "name": "JuiceSSH",
            "public_key": "ssh-rsa AAAAB3NzaC1yc2EAAAADAQABAAACAQC+n+8JkEVWYwIwKgAvSxTCsUJ18/UD9O/o+O7sFdy1coFfyfjT9Xck/mPVWGRPGzulIfmvSnLRX5XLNzkDxGI2D8An7lDSoa0c3LueFN2eMeJbumkSuOOGl7fwnyhW6XOUO8ECZRoUWIsDs8wXrjTIDMy8s7EuOonZvlFYu0GgDQZj5F/V2ykrsjnGr1kxSn7PWt69qByOOhCT33OulsV00HQY1x1KKqTppEKl0V0iHRXHxIrzdisuRqim3W5W1W81NP1t0nLfHo4Ie4Puhmm4ImR9glXnDfeR9J+7gt5v+bj4RMmF2X5Tcd73PN3DMOcWAi9Js6Sq/OpM1FYvXJLynmSVlxTlZjhDXHI2UEM3p2KH86tdtjhmkDfGlXcp6Y4sgJ34Ou4YBOTApJMVEb1Ai5kTL3S8kN2n2TSyIWbWfmA8lOMwh/mTMcRxJIL3703ocA35lVT3fXLlAxBIp39TvGx8aSgg/NIe5FW8+LgpHirwMLxsvr2T8ecib/A/Db45SIrepjQyvs5U0KXeNwwVTOw2nJaPM6gGEtB5WjoDMy3dq0N7ryn7E2v6K6gmc/JeEPWx4D6yFW01oKgoNxRZmer/wXjDbFadsWIlUFzxQNUzdr/ybFONLpjGB/G5sjglnPFx2R/k0obov/QxaTFEN+Vgn5/jOoCI4lq8T3/bHw== JuiceSSH"
          },
          "private": "bnVsbA=="
        },
        {
          "index_key": 3,
          "schema_version": 0,
          "attributes": {
            "fingerprint": "3d:b3:65:25:af:9d:90:10:e9:f5:c1:ac:c3:80:98:39",
            "id": "25810270",
            "name": "max@Martins-MacBook-Air.local",
            "public_key": "ssh-ed25519 AAAAC3NzaC1lZDI1NTE5AAAAIEFT/07CNt2AHfnWRq8DYoLTWV6AIZZmmouczoXsnaWb max@Martins-MacBook-Air.local"
          },
          "private": "bnVsbA=="
        },
        {
          "index_key": 4,
          "schema_version": 0,
          "attributes": {
            "fingerprint": "9e:c0:f8:cd:de:88:25:5d:f9:fb:14:80:90:5c:43:72",
            "id": "25810269",
            "name": "max@max.fedora",
            "public_key": "ssh-ed25519 AAAAC3NzaC1lZDI1NTE5AAAAIKUSMgFYAwmeBRTPBF34ZEqIGKCjKg8QNEmWD7J3wBBH max@max.fedora"
          },
          "private": "bnVsbA=="
        },
        {
          "index_key": 5,
          "schema_version": 0,
          "attributes": {
            "fingerprint": "75:95:5d:bf:6e:60:43:a5:00:95:e0:fe:c7:d7:69:24",
            "id": "25810272",
            "name": "max.wittig@siemens.com",
            "public_key": "ssh-ed25519 AAAAC3NzaC1lZDI1NTE5AAAAIA2CKKDh0O/IdfX2t4inVP8ICP8MRso/QvcnH44epiXT max.wittig@siemens.com"
          },
          "private": "bnVsbA=="
        }
      ]
    }
  ]
}
