{
  "version": 4,
  "terraform_version": "0.12.13",
  "serial": 3,
  "lineage": "3d1ecd95-dd0d-c438-f3bb-a2066084db22",
  "outputs": {},
  "resources": [
    {
      "mode": "managed",
      "type": "digitalocean_domain",
      "name": "default",
      "provider": "provider.digitalocean",
      "instances": [
        {
          "schema_version": 0,
          "attributes_flat": {
            "id": "maxwittig.xyz",
            "ip_address": "46.101.144.28",
            "name": "maxwittig.xyz"
          },
          "depends_on": [
            "digitalocean_droplet.web"
          ]
        }
      ]
    },
    {
      "mode": "managed",
      "type": "digitalocean_droplet",
      "name": "web",
      "provider": "provider.digitalocean",
      "instances": [
        {
          "schema_version": 1,
          "attributes_flat": {
            "backups": "false",
            "disk": "25",
            "id": "123944751",
            "image": "39342610",
            "ipv4_address": "46.101.144.28",
            "ipv4_address_private": "",
            "ipv6": "false",
            "ipv6_address": "",
            "ipv6_address_private": "",
            "locked": "false",
            "memory": "1024",
            "monitoring": "false",
            "name": "ubuntu-18.10",
            "price_hourly": "0.00744",
            "price_monthly": "5",
            "private_networking": "false",
            "region": "fra1",
            "resize_disk": "true",
            "size": "s-1vcpu-1gb",
            "ssh_keys.#": "3",
            "ssh_keys.4107275944": "23597109",
            "ssh_keys.716533040": "20980721",
            "ssh_keys.828178541": "20943250",
            "status": "active",
            "tags.#": "0",
            "vcpus": "1",
            "volume_ids.#": "0"
          }
        }
      ]
    }
  ]
}
